
Microsoft Visual Studio Solution File, Format Version 12.00
# Visual Studio 15
VisualStudioVersion = 15.0.27703.2042
MinimumVisualStudioVersion = 10.0.40219.1
Project("{FAE04EC0-301F-11D3-BF4B-00C04F79EFBC}") = "NU2UWebApplication", "NU2UWebApplication\NU2UWebApplication.csproj", "{330FF8B2-784D-482D-B90E-A0D6CC6FADC5}"
EndProject
Project("{FAE04EC0-301F-11D3-BF4B-00C04F79EFBC}") = "SILBulkWordConverter", "SILBulkWordConverter\SILBulkWordConverter.csproj", "{38A0B2C2-E793-4B05-89B4-598B1675BA77}"
EndProject
Project("{2150E333-8FDC-42A3-9474-1A3956D46DE8}") = "Solution Items", "Solution Items", "{5E59EDF4-2EEB-469F-891A-5C9EBE76E25F}"
	ProjectSection(SolutionItems) = preProject
		README.docx = README.docx
	EndProjectSection
EndProject
Global
	GlobalSection(SolutionConfigurationPlatforms) = preSolution
		Debug|Any CPU = Debug|Any CPU
		Debug|x86 = Debug|x86
		Release|Any CPU = Release|Any CPU
		Release|x86 = Release|x86
	EndGlobalSection
	GlobalSection(ProjectConfigurationPlatforms) = postSolution
		{330FF8B2-784D-482D-B90E-A0D6CC6FADC5}.Debug|Any CPU.ActiveCfg = Debug|Any CPU
		{330FF8B2-784D-482D-B90E-A0D6CC6FADC5}.Debug|Any CPU.Build.0 = Debug|Any CPU
		{330FF8B2-784D-482D-B90E-A0D6CC6FADC5}.Debug|x86.ActiveCfg = Debug|Any CPU
		{330FF8B2-784D-482D-B90E-A0D6CC6FADC5}.Debug|x86.Build.0 = Debug|Any CPU
		{330FF8B2-784D-482D-B90E-A0D6CC6FADC5}.Release|Any CPU.ActiveCfg = Release|Any CPU
		{330FF8B2-784D-482D-B90E-A0D6CC6FADC5}.Release|Any CPU.Build.0 = Release|Any CPU
		{330FF8B2-784D-482D-B90E-A0D6CC6FADC5}.Release|x86.ActiveCfg = Release|Any CPU
		{330FF8B2-784D-482D-B90E-A0D6CC6FADC5}.Release|x86.Build.0 = Release|Any CPU
		{38A0B2C2-E793-4B05-89B4-598B1675BA77}.Debug|Any CPU.ActiveCfg = Debug|Any CPU
		{38A0B2C2-E793-4B05-89B4-598B1675BA77}.Debug|Any CPU.Build.0 = Debug|Any CPU
		{38A0B2C2-E793-4B05-89B4-598B1675BA77}.Debug|x86.ActiveCfg = Debug|Any CPU
		{38A0B2C2-E793-4B05-89B4-598B1675BA77}.Debug|x86.Build.0 = Debug|Any CPU
		{38A0B2C2-E793-4B05-89B4-598B1675BA77}.Release|Any CPU.ActiveCfg = Release|Any CPU
		{38A0B2C2-E793-4B05-89B4-598B1675BA77}.Release|Any CPU.Build.0 = Release|Any CPU
		{38A0B2C2-E793-4B05-89B4-598B1675BA77}.Release|x86.ActiveCfg = Release|Any CPU
		{38A0B2C2-E793-4B05-89B4-598B1675BA77}.Release|x86.Build.0 = Release|Any CPU
	EndGlobalSection
	GlobalSection(SolutionProperties) = preSolution
		HideSolutionNode = FALSE
	EndGlobalSection
	GlobalSection(ExtensibilityGlobals) = postSolution
		SolutionGuid = {9B2373CA-17A9-4D97-90BC-DE67B0741995}
	EndGlobalSection
EndGlobal
